
Microsoft Visual Studio Solution File, Format Version 12.00
# Visual Studio 15
Project("{FAE04EC0-301F-11D3-BF4B-00C04F79EFBC}") = "Randumbgeon", "Assembly-CSharp.csproj", "{C034EDC7-DA87-8EB0-AB9B-5DB6C3AC3CC1}"
EndProject
Global
	GlobalSection(SolutionConfigurationPlatforms) = preSolution
		Debug|Any CPU = Debug|Any CPU
		Release|Any CPU = Release|Any CPU
	EndGlobalSection
	GlobalSection(ProjectConfigurationPlatforms) = postSolution
		{C034EDC7-DA87-8EB0-AB9B-5DB6C3AC3CC1}.Debug|Any CPU.ActiveCfg = Debug|Any CPU
		{C034EDC7-DA87-8EB0-AB9B-5DB6C3AC3CC1}.Debug|Any CPU.Build.0 = Debug|Any CPU
		{C034EDC7-DA87-8EB0-AB9B-5DB6C3AC3CC1}.Release|Any CPU.ActiveCfg = Release|Any CPU
		{C034EDC7-DA87-8EB0-AB9B-5DB6C3AC3CC1}.Release|Any CPU.Build.0 = Release|Any CPU
	EndGlobalSection
	GlobalSection(SolutionProperties) = preSolution
		HideSolutionNode = FALSE
	EndGlobalSection
EndGlobal
